// !$*UTF8*$!
{
	archiveVersion = 1;
	classes = {
	};
	objectVersion = 56;
	objects = {

/* Begin PBXBuildFile section */
		2E7EB22B290EF97B002DC982 /* Event.swift in Sources */ = {isa = PBXBuildFile; fileRef = 2E7EB22A290EF97B002DC982 /* Event.swift */; };
		2E7EB22D290F3581002DC982 /* ModelData.swift in Sources */ = {isa = PBXBuildFile; fileRef = 2E7EB22C290F3581002DC982 /* ModelData.swift */; };
		2ECF38132911A61400A6E6E0 /* DefaultEvent.json in Resources */ = {isa = PBXBuildFile; fileRef = 2ECF38122911A5E800A6E6E0 /* DefaultEvent.json */; };
		B31E77F42923CD9700CDC9BB /* SakaiDetail.swift in Sources */ = {isa = PBXBuildFile; fileRef = B31E77F32923CD9700CDC9BB /* SakaiDetail.swift */; };
		B33243C129275B260096D96E /* GoogleService-Info.plist in Resources */ = {isa = PBXBuildFile; fileRef = B33243C029275B260096D96E /* GoogleService-Info.plist */; };
		B34683C52926CAC100FF69FE /* FirebaseAuth in Frameworks */ = {isa = PBXBuildFile; productRef = B34683C42926CAC100FF69FE /* FirebaseAuth */; };
		B34683C72926CAC100FF69FE /* FirebaseFirestore in Frameworks */ = {isa = PBXBuildFile; productRef = B34683C62926CAC100FF69FE /* FirebaseFirestore */; };
		B34683CF2926CAF700FF69FE /* Firebase.swift in Sources */ = {isa = PBXBuildFile; fileRef = B34683CE2926CAF700FF69FE /* Firebase.swift */; };
		B34683D52926EBC000FF69FE /* GoogleService-Info.plist in Resources */ = {isa = PBXBuildFile; fileRef = B34683D42926EBC000FF69FE /* GoogleService-Info.plist */; };
		B34683DC292732C100FF69FE /* FirebaseAuth in Frameworks */ = {isa = PBXBuildFile; productRef = B34683DB292732C100FF69FE /* FirebaseAuth */; };
		B34683DE292732C100FF69FE /* FirebaseFirestore in Frameworks */ = {isa = PBXBuildFile; productRef = B34683DD292732C100FF69FE /* FirebaseFirestore */; };
		B34683E32927357900FF69FE /* Firebase.swift in Sources */ = {isa = PBXBuildFile; fileRef = B34683E22927357900FF69FE /* Firebase.swift */; };
		B39BE616290DFC6E00850A5A /* DeadlineMgrApp.swift in Sources */ = {isa = PBXBuildFile; fileRef = B39BE615290DFC6E00850A5A /* DeadlineMgrApp.swift */; };
		B39BE618290DFC6E00850A5A /* ContentView.swift in Sources */ = {isa = PBXBuildFile; fileRef = B39BE617290DFC6E00850A5A /* ContentView.swift */; };
		B39BE61A290DFC6F00850A5A /* Assets.xcassets in Resources */ = {isa = PBXBuildFile; fileRef = B39BE619290DFC6F00850A5A /* Assets.xcassets */; };
		B39BE61D290DFC6F00850A5A /* Preview Assets.xcassets in Resources */ = {isa = PBXBuildFile; fileRef = B39BE61C290DFC6F00850A5A /* Preview Assets.xcassets */; };
		B3B34B82290E1AB7000CF95B /* WebView.swift in Sources */ = {isa = PBXBuildFile; fileRef = B3B34B80290E1AB7000CF95B /* WebView.swift */; };
		B3B34B83290E1AB7000CF95B /* SakaiAuth.swift in Sources */ = {isa = PBXBuildFile; fileRef = B3B34B81290E1AB7000CF95B /* SakaiAuth.swift */; };
		B3B34B85290E1ACA000CF95B /* SakaiStore.swift in Sources */ = {isa = PBXBuildFile; fileRef = B3B34B84290E1ACA000CF95B /* SakaiStore.swift */; };
		B3B34B87290E1B54000CF95B /* SakaiSync.swift in Sources */ = {isa = PBXBuildFile; fileRef = B3B34B86290E1B54000CF95B /* SakaiSync.swift */; };
		B3B34B8A290E1E87000CF95B /* SakaiEvent.swift in Sources */ = {isa = PBXBuildFile; fileRef = B3B34B89290E1E87000CF95B /* SakaiEvent.swift */; };
		B3B34B8C290E1EAF000CF95B /* SakaiSite.swift in Sources */ = {isa = PBXBuildFile; fileRef = B3B34B8B290E1EAF000CF95B /* SakaiSite.swift */; };
		B3B34B8E290E254C000CF95B /* Server.swift in Sources */ = {isa = PBXBuildFile; fileRef = B3B34B8D290E254C000CF95B /* Server.swift */; };
		B3B34B90290E31E0000CF95B /* SakaiUser.swift in Sources */ = {isa = PBXBuildFile; fileRef = B3B34B8F290E31E0000CF95B /* SakaiUser.swift */; };
		B3B34B9429119E89000CF95B /* CalendarKit in Frameworks */ = {isa = PBXBuildFile; productRef = B3B34B9329119E89000CF95B /* CalendarKit */; };
		B3B34B962911A096000CF95B /* Calendar2View.swift in Sources */ = {isa = PBXBuildFile; fileRef = B3B34B952911A096000CF95B /* Calendar2View.swift */; };
		B3B34B982911A0AE000CF95B /* Calendar2CalendarView.swift in Sources */ = {isa = PBXBuildFile; fileRef = B3B34B972911A0AE000CF95B /* Calendar2CalendarView.swift */; };
		B3C3186129257FDF000CD0B6 /* DeadlineMgr_watchApp.swift in Sources */ = {isa = PBXBuildFile; fileRef = B3C3186029257FDF000CD0B6 /* DeadlineMgr_watchApp.swift */; };
		B3C3186329257FDF000CD0B6 /* ContentView.swift in Sources */ = {isa = PBXBuildFile; fileRef = B3C3186229257FDF000CD0B6 /* ContentView.swift */; };
		B3C3186529257FE0000CD0B6 /* Assets.xcassets in Resources */ = {isa = PBXBuildFile; fileRef = B3C3186429257FE0000CD0B6 /* Assets.xcassets */; };
		B3C3186829257FE0000CD0B6 /* Preview Assets.xcassets in Resources */ = {isa = PBXBuildFile; fileRef = B3C3186729257FE0000CD0B6 /* Preview Assets.xcassets */; };
		B3C3186D292586DC000CD0B6 /* WatchChannel.swift in Sources */ = {isa = PBXBuildFile; fileRef = B3C3186C292586DC000CD0B6 /* WatchChannel.swift */; };
		B3C3186E292586DC000CD0B6 /* WatchChannel.swift in Sources */ = {isa = PBXBuildFile; fileRef = B3C3186C292586DC000CD0B6 /* WatchChannel.swift */; };
		B3C318702925F66F000CD0B6 /* DeadlineMgr_watch Watch App.app in Embed Watch Content */ = {isa = PBXBuildFile; fileRef = B3C3185E29257FDF000CD0B6 /* DeadlineMgr_watch Watch App.app */; settings = {ATTRIBUTES = (RemoveHeadersOnCopy, ); }; };
		B3C318752925F6F1000CD0B6 /* Event.swift in Sources */ = {isa = PBXBuildFile; fileRef = 2E7EB22A290EF97B002DC982 /* Event.swift */; };
		B3C3187A2925FB3A000CD0B6 /* ModelData.swift in Sources */ = {isa = PBXBuildFile; fileRef = B3C318782925FB3A000CD0B6 /* ModelData.swift */; };
		B3C3187B2925FC23000CD0B6 /* DefaultEvent.json in Resources */ = {isa = PBXBuildFile; fileRef = 2ECF38122911A5E800A6E6E0 /* DefaultEvent.json */; };
		B3C3187D2925FC6E000CD0B6 /* EventList.swift in Sources */ = {isa = PBXBuildFile; fileRef = B3C3187C2925FC6E000CD0B6 /* EventList.swift */; };
		B3C3187F2925FDDE000CD0B6 /* EventRow.swift in Sources */ = {isa = PBXBuildFile; fileRef = B3C3187E2925FDDE000CD0B6 /* EventRow.swift */; };
		B3C318812925FDF6000CD0B6 /* EventDetail.swift in Sources */ = {isa = PBXBuildFile; fileRef = B3C318802925FDF6000CD0B6 /* EventDetail.swift */; };
		E4713B3F290EFAE6004531B7 /* CalendarView.swift in Sources */ = {isa = PBXBuildFile; fileRef = E4713B3E290EFAE6004531B7 /* CalendarView.swift */; };
		E4713B43290F280F004531B7 /* CalendarHelper.swift in Sources */ = {isa = PBXBuildFile; fileRef = E4713B42290F280F004531B7 /* CalendarHelper.swift */; };
		E4713B45290F2DC5004531B7 /* CalendarTitle.swift in Sources */ = {isa = PBXBuildFile; fileRef = E4713B44290F2DC5004531B7 /* CalendarTitle.swift */; };
		E4713B47290F3890004531B7 /* CalendarCell.swift in Sources */ = {isa = PBXBuildFile; fileRef = E4713B46290F3890004531B7 /* CalendarCell.swift */; };
		E4713B49290F3E3A004531B7 /* MonthStruct.swift in Sources */ = {isa = PBXBuildFile; fileRef = E4713B48290F3E3A004531B7 /* MonthStruct.swift */; };
		E4713B4E29241C6A004531B7 /* CalendarEventCell.swift in Sources */ = {isa = PBXBuildFile; fileRef = E4713B4D29241C6A004531B7 /* CalendarEventCell.swift */; };
		E4E559C7290ECCE6008DDFF3 /* EventRow.swift in Sources */ = {isa = PBXBuildFile; fileRef = E4E559C6290ECCE6008DDFF3 /* EventRow.swift */; };
		E4E559C9290ECDA2008DDFF3 /* EventList.swift in Sources */ = {isa = PBXBuildFile; fileRef = E4E559C8290ECDA2008DDFF3 /* EventList.swift */; };
		E4E559CB290ECDB1008DDFF3 /* EventDetail.swift in Sources */ = {isa = PBXBuildFile; fileRef = E4E559CA290ECDB1008DDFF3 /* EventDetail.swift */; };
/* End PBXBuildFile section */

/* Begin PBXContainerItemProxy section */
		B3C318712925F66F000CD0B6 /* PBXContainerItemProxy */ = {
			isa = PBXContainerItemProxy;
			containerPortal = B39BE60A290DFC6E00850A5A /* Project object */;
			proxyType = 1;
			remoteGlobalIDString = B3C3185D29257FDF000CD0B6;
			remoteInfo = "DeadlineMgr_watch Watch App";
		};
/* End PBXContainerItemProxy section */

/* Begin PBXCopyFilesBuildPhase section */
		B3C318732925F670000CD0B6 /* Embed Watch Content */ = {
			isa = PBXCopyFilesBuildPhase;
			buildActionMask = 2147483647;
			dstPath = "$(CONTENTS_FOLDER_PATH)/Watch";
			dstSubfolderSpec = 16;
			files = (
				B3C318702925F66F000CD0B6 /* DeadlineMgr_watch Watch App.app in Embed Watch Content */,
			);
			name = "Embed Watch Content";
			runOnlyForDeploymentPostprocessing = 0;
		};
/* End PBXCopyFilesBuildPhase section */

/* Begin PBXFileReference section */
		2E7EB22A290EF97B002DC982 /* Event.swift */ = {isa = PBXFileReference; lastKnownFileType = sourcecode.swift; path = Event.swift; sourceTree = "<group>"; };
		2E7EB22C290F3581002DC982 /* ModelData.swift */ = {isa = PBXFileReference; lastKnownFileType = sourcecode.swift; path = ModelData.swift; sourceTree = "<group>"; };
		2ECF38122911A5E800A6E6E0 /* DefaultEvent.json */ = {isa = PBXFileReference; lastKnownFileType = text.json; path = DefaultEvent.json; sourceTree = "<group>"; };
		B31E77F32923CD9700CDC9BB /* SakaiDetail.swift */ = {isa = PBXFileReference; lastKnownFileType = sourcecode.swift; path = SakaiDetail.swift; sourceTree = "<group>"; };
		B33243C029275B260096D96E /* GoogleService-Info.plist */ = {isa = PBXFileReference; fileEncoding = 4; lastKnownFileType = text.plist.xml; path = "GoogleService-Info.plist"; sourceTree = "<group>"; };
		B34683CE2926CAF700FF69FE /* Firebase.swift */ = {isa = PBXFileReference; lastKnownFileType = sourcecode.swift; path = Firebase.swift; sourceTree = "<group>"; };
		B34683D42926EBC000FF69FE /* GoogleService-Info.plist */ = {isa = PBXFileReference; fileEncoding = 4; lastKnownFileType = text.plist.xml; path = "GoogleService-Info.plist"; sourceTree = "<group>"; };
		B34683D7292714B700FF69FE /* DeadlineMgr_watch Watch App.entitlements */ = {isa = PBXFileReference; lastKnownFileType = text.plist.entitlements; path = "DeadlineMgr_watch Watch App.entitlements"; sourceTree = "<group>"; };
		B34683D8292714E400FF69FE /* DeadlineMgr.entitlements */ = {isa = PBXFileReference; lastKnownFileType = text.plist.entitlements; path = DeadlineMgr.entitlements; sourceTree = "<group>"; };
		B34683DA292732A600FF69FE /* DeadlineMgr-watch-Watch-App-Info.plist */ = {isa = PBXFileReference; lastKnownFileType = text.plist; path = "DeadlineMgr-watch-Watch-App-Info.plist"; sourceTree = SOURCE_ROOT; };
		B34683E22927357900FF69FE /* Firebase.swift */ = {isa = PBXFileReference; lastKnownFileType = sourcecode.swift; path = Firebase.swift; sourceTree = "<group>"; };
		B34683E62927565D00FF69FE /* Info.plist */ = {isa = PBXFileReference; lastKnownFileType = text.plist; path = Info.plist; sourceTree = "<group>"; };
		B39BE612290DFC6E00850A5A /* DeadlineMgr.app */ = {isa = PBXFileReference; explicitFileType = wrapper.application; includeInIndex = 0; path = DeadlineMgr.app; sourceTree = BUILT_PRODUCTS_DIR; };
		B39BE615290DFC6E00850A5A /* DeadlineMgrApp.swift */ = {isa = PBXFileReference; lastKnownFileType = sourcecode.swift; path = DeadlineMgrApp.swift; sourceTree = "<group>"; };
		B39BE617290DFC6E00850A5A /* ContentView.swift */ = {isa = PBXFileReference; lastKnownFileType = sourcecode.swift; path = ContentView.swift; sourceTree = "<group>"; };
		B39BE619290DFC6F00850A5A /* Assets.xcassets */ = {isa = PBXFileReference; lastKnownFileType = folder.assetcatalog; path = Assets.xcassets; sourceTree = "<group>"; };
		B39BE61C290DFC6F00850A5A /* Preview Assets.xcassets */ = {isa = PBXFileReference; lastKnownFileType = folder.assetcatalog; path = "Preview Assets.xcassets"; sourceTree = "<group>"; };
		B3B34B7E290DFD64000CF95B /* README.md */ = {isa = PBXFileReference; lastKnownFileType = net.daringfireball.markdown; path = README.md; sourceTree = "<group>"; };
		B3B34B80290E1AB7000CF95B /* WebView.swift */ = {isa = PBXFileReference; fileEncoding = 4; lastKnownFileType = sourcecode.swift; path = WebView.swift; sourceTree = "<group>"; };
		B3B34B81290E1AB7000CF95B /* SakaiAuth.swift */ = {isa = PBXFileReference; fileEncoding = 4; lastKnownFileType = sourcecode.swift; path = SakaiAuth.swift; sourceTree = "<group>"; };
		B3B34B84290E1ACA000CF95B /* SakaiStore.swift */ = {isa = PBXFileReference; fileEncoding = 4; lastKnownFileType = sourcecode.swift; path = SakaiStore.swift; sourceTree = "<group>"; };
		B3B34B86290E1B54000CF95B /* SakaiSync.swift */ = {isa = PBXFileReference; lastKnownFileType = sourcecode.swift; path = SakaiSync.swift; sourceTree = "<group>"; };
		B3B34B89290E1E87000CF95B /* SakaiEvent.swift */ = {isa = PBXFileReference; lastKnownFileType = sourcecode.swift; path = SakaiEvent.swift; sourceTree = "<group>"; };
		B3B34B8B290E1EAF000CF95B /* SakaiSite.swift */ = {isa = PBXFileReference; lastKnownFileType = sourcecode.swift; path = SakaiSite.swift; sourceTree = "<group>"; };
		B3B34B8D290E254C000CF95B /* Server.swift */ = {isa = PBXFileReference; lastKnownFileType = sourcecode.swift; path = Server.swift; sourceTree = "<group>"; };
		B3B34B8F290E31E0000CF95B /* SakaiUser.swift */ = {isa = PBXFileReference; lastKnownFileType = sourcecode.swift; path = SakaiUser.swift; sourceTree = "<group>"; };
		B3B34B952911A096000CF95B /* Calendar2View.swift */ = {isa = PBXFileReference; lastKnownFileType = sourcecode.swift; path = Calendar2View.swift; sourceTree = "<group>"; };
		B3B34B972911A0AE000CF95B /* Calendar2CalendarView.swift */ = {isa = PBXFileReference; lastKnownFileType = sourcecode.swift; path = Calendar2CalendarView.swift; sourceTree = "<group>"; };
		B3C3185E29257FDF000CD0B6 /* DeadlineMgr_watch Watch App.app */ = {isa = PBXFileReference; explicitFileType = wrapper.application; includeInIndex = 0; path = "DeadlineMgr_watch Watch App.app"; sourceTree = BUILT_PRODUCTS_DIR; };
		B3C3186029257FDF000CD0B6 /* DeadlineMgr_watchApp.swift */ = {isa = PBXFileReference; lastKnownFileType = sourcecode.swift; path = DeadlineMgr_watchApp.swift; sourceTree = "<group>"; };
		B3C3186229257FDF000CD0B6 /* ContentView.swift */ = {isa = PBXFileReference; lastKnownFileType = sourcecode.swift; path = ContentView.swift; sourceTree = "<group>"; };
		B3C3186429257FE0000CD0B6 /* Assets.xcassets */ = {isa = PBXFileReference; lastKnownFileType = folder.assetcatalog; path = Assets.xcassets; sourceTree = "<group>"; };
		B3C3186729257FE0000CD0B6 /* Preview Assets.xcassets */ = {isa = PBXFileReference; lastKnownFileType = folder.assetcatalog; path = "Preview Assets.xcassets"; sourceTree = "<group>"; };
		B3C3186C292586DC000CD0B6 /* WatchChannel.swift */ = {isa = PBXFileReference; fileEncoding = 4; lastKnownFileType = sourcecode.swift; path = WatchChannel.swift; sourceTree = "<group>"; };
		B3C318782925FB3A000CD0B6 /* ModelData.swift */ = {isa = PBXFileReference; lastKnownFileType = sourcecode.swift; path = ModelData.swift; sourceTree = "<group>"; };
		B3C3187C2925FC6E000CD0B6 /* EventList.swift */ = {isa = PBXFileReference; lastKnownFileType = sourcecode.swift; path = EventList.swift; sourceTree = "<group>"; };
		B3C3187E2925FDDE000CD0B6 /* EventRow.swift */ = {isa = PBXFileReference; lastKnownFileType = sourcecode.swift; path = EventRow.swift; sourceTree = "<group>"; };
		B3C318802925FDF6000CD0B6 /* EventDetail.swift */ = {isa = PBXFileReference; lastKnownFileType = sourcecode.swift; path = EventDetail.swift; sourceTree = "<group>"; };
		E4713B3E290EFAE6004531B7 /* CalendarView.swift */ = {isa = PBXFileReference; lastKnownFileType = sourcecode.swift; path = CalendarView.swift; sourceTree = "<group>"; };
		E4713B42290F280F004531B7 /* CalendarHelper.swift */ = {isa = PBXFileReference; lastKnownFileType = sourcecode.swift; path = CalendarHelper.swift; sourceTree = "<group>"; };
		E4713B44290F2DC5004531B7 /* CalendarTitle.swift */ = {isa = PBXFileReference; lastKnownFileType = sourcecode.swift; path = CalendarTitle.swift; sourceTree = "<group>"; };
		E4713B46290F3890004531B7 /* CalendarCell.swift */ = {isa = PBXFileReference; lastKnownFileType = sourcecode.swift; path = CalendarCell.swift; sourceTree = "<group>"; };
		E4713B48290F3E3A004531B7 /* MonthStruct.swift */ = {isa = PBXFileReference; lastKnownFileType = sourcecode.swift; path = MonthStruct.swift; sourceTree = "<group>"; };
		E4713B4D29241C6A004531B7 /* CalendarEventCell.swift */ = {isa = PBXFileReference; lastKnownFileType = sourcecode.swift; path = CalendarEventCell.swift; sourceTree = "<group>"; };
		E4E559C6290ECCE6008DDFF3 /* EventRow.swift */ = {isa = PBXFileReference; lastKnownFileType = sourcecode.swift; path = EventRow.swift; sourceTree = "<group>"; };
		E4E559C8290ECDA2008DDFF3 /* EventList.swift */ = {isa = PBXFileReference; lastKnownFileType = sourcecode.swift; path = EventList.swift; sourceTree = "<group>"; };
		E4E559CA290ECDB1008DDFF3 /* EventDetail.swift */ = {isa = PBXFileReference; lastKnownFileType = sourcecode.swift; path = EventDetail.swift; sourceTree = "<group>"; };
/* End PBXFileReference section */

/* Begin PBXFrameworksBuildPhase section */
		B39BE60F290DFC6E00850A5A /* Frameworks */ = {
			isa = PBXFrameworksBuildPhase;
			buildActionMask = 2147483647;
			files = (
				B3B34B9429119E89000CF95B /* CalendarKit in Frameworks */,
				B34683C72926CAC100FF69FE /* FirebaseFirestore in Frameworks */,
				B34683C52926CAC100FF69FE /* FirebaseAuth in Frameworks */,
			);
			runOnlyForDeploymentPostprocessing = 0;
		};
		B3C3185B29257FDF000CD0B6 /* Frameworks */ = {
			isa = PBXFrameworksBuildPhase;
			buildActionMask = 2147483647;
			files = (
				B34683DC292732C100FF69FE /* FirebaseAuth in Frameworks */,
				B34683DE292732C100FF69FE /* FirebaseFirestore in Frameworks */,
			);
			runOnlyForDeploymentPostprocessing = 0;
		};
/* End PBXFrameworksBuildPhase section */

/* Begin PBXGroup section */
		2E7EB227290EF340002DC982 /* EventModel */ = {
			isa = PBXGroup;
			children = (
				2E7EB22A290EF97B002DC982 /* Event.swift */,
				2E7EB22C290F3581002DC982 /* ModelData.swift */,
			);
			path = EventModel;
			sourceTree = "<group>";
		};
		2ECF38112911A5A600A6E6E0 /* Resources */ = {
			isa = PBXGroup;
			children = (
				2ECF38122911A5E800A6E6E0 /* DefaultEvent.json */,
			);
			path = Resources;
			sourceTree = "<group>";
		};
		B39BE609290DFC6E00850A5A = {
			isa = PBXGroup;
			children = (
				B3B34B7E290DFD64000CF95B /* README.md */,
				B39BE614290DFC6E00850A5A /* DeadlineMgr */,
				B3C3185F29257FDF000CD0B6 /* DeadlineMgr_watch Watch App */,
				B39BE613290DFC6E00850A5A /* Products */,
				B3C3186F2925F66F000CD0B6 /* Frameworks */,
			);
			sourceTree = "<group>";
		};
		B39BE613290DFC6E00850A5A /* Products */ = {
			isa = PBXGroup;
			children = (
				B39BE612290DFC6E00850A5A /* DeadlineMgr.app */,
				B3C3185E29257FDF000CD0B6 /* DeadlineMgr_watch Watch App.app */,
			);
			name = Products;
			sourceTree = "<group>";
		};
		B39BE614290DFC6E00850A5A /* DeadlineMgr */ = {
			isa = PBXGroup;
			children = (
				B34683E62927565D00FF69FE /* Info.plist */,
				B34683D8292714E400FF69FE /* DeadlineMgr.entitlements */,
				B34683D42926EBC000FF69FE /* GoogleService-Info.plist */,
				2ECF38112911A5A600A6E6E0 /* Resources */,
				B3A6E129290DFCB000F9767B /* Helpers */,
				B39BE624290DFC8200850A5A /* Models */,
				B39BE623290DFC7900850A5A /* Views */,
				B39BE615290DFC6E00850A5A /* DeadlineMgrApp.swift */,
				B39BE619290DFC6F00850A5A /* Assets.xcassets */,
				B39BE61B290DFC6F00850A5A /* Preview Content */,
			);
			path = DeadlineMgr;
			sourceTree = "<group>";
		};
		B39BE61B290DFC6F00850A5A /* Preview Content */ = {
			isa = PBXGroup;
			children = (
				B39BE61C290DFC6F00850A5A /* Preview Assets.xcassets */,
			);
			path = "Preview Content";
			sourceTree = "<group>";
		};
		B39BE623290DFC7900850A5A /* Views */ = {
			isa = PBXGroup;
			children = (
				E4713B4A2923E87F004531B7 /* Timeline */,
				B3B34B9129119E13000CF95B /* Calendar2 */,
				E4E559C0290EC565008DDFF3 /* Event */,
				B3B34B7F290E1AA9000CF95B /* Sync */,
				B39BE617290DFC6E00850A5A /* ContentView.swift */,
			);
			path = Views;
			sourceTree = "<group>";
		};
		B39BE624290DFC8200850A5A /* Models */ = {
			isa = PBXGroup;
			children = (
				2E7EB227290EF340002DC982 /* EventModel */,
				B3B34B88290E1E79000CF95B /* Sakai */,
			);
			path = Models;
			sourceTree = "<group>";
		};
		B3A6E129290DFCB000F9767B /* Helpers */ = {
			isa = PBXGroup;
			children = (
				B3B34B8D290E254C000CF95B /* Server.swift */,
				E4713B42290F280F004531B7 /* CalendarHelper.swift */,
				E4713B48290F3E3A004531B7 /* MonthStruct.swift */,
				B34683CE2926CAF700FF69FE /* Firebase.swift */,
			);
			path = Helpers;
			sourceTree = "<group>";
		};
		B3B34B7F290E1AA9000CF95B /* Sync */ = {
			isa = PBXGroup;
			children = (
				B3B34B81290E1AB7000CF95B /* SakaiAuth.swift */,
				B3B34B80290E1AB7000CF95B /* WebView.swift */,
				B3B34B86290E1B54000CF95B /* SakaiSync.swift */,
				B31E77F32923CD9700CDC9BB /* SakaiDetail.swift */,
			);
			path = Sync;
			sourceTree = "<group>";
		};
		B3B34B88290E1E79000CF95B /* Sakai */ = {
			isa = PBXGroup;
			children = (
				B3B34B84290E1ACA000CF95B /* SakaiStore.swift */,
				B3B34B89290E1E87000CF95B /* SakaiEvent.swift */,
				B3B34B8B290E1EAF000CF95B /* SakaiSite.swift */,
				B3B34B8F290E31E0000CF95B /* SakaiUser.swift */,
			);
			path = Sakai;
			sourceTree = "<group>";
		};
		B3B34B9129119E13000CF95B /* Calendar2 */ = {
			isa = PBXGroup;
			children = (
				B3B34B952911A096000CF95B /* Calendar2View.swift */,
				B3B34B972911A0AE000CF95B /* Calendar2CalendarView.swift */,
			);
			path = Calendar2;
			sourceTree = "<group>";
		};
		B3C3185F29257FDF000CD0B6 /* DeadlineMgr_watch Watch App */ = {
			isa = PBXGroup;
			children = (
				B34683DA292732A600FF69FE /* DeadlineMgr-watch-Watch-App-Info.plist */,
				B33243C029275B260096D96E /* GoogleService-Info.plist */,
				B34683D7292714B700FF69FE /* DeadlineMgr_watch Watch App.entitlements */,
				B3C318772925FB1E000CD0B6 /* Views */,
				B3C318762925FB12000CD0B6 /* Models */,
				B3C3186029257FDF000CD0B6 /* DeadlineMgr_watchApp.swift */,
				B3C3186C292586DC000CD0B6 /* WatchChannel.swift */,
				B3C3186229257FDF000CD0B6 /* ContentView.swift */,
				B3C3186429257FE0000CD0B6 /* Assets.xcassets */,
				B3C3186629257FE0000CD0B6 /* Preview Content */,
			);
			path = "DeadlineMgr_watch Watch App";
			sourceTree = "<group>";
		};
		B3C3186629257FE0000CD0B6 /* Preview Content */ = {
			isa = PBXGroup;
			children = (
				B3C3186729257FE0000CD0B6 /* Preview Assets.xcassets */,
			);
			path = "Preview Content";
			sourceTree = "<group>";
		};
		B3C3186F2925F66F000CD0B6 /* Frameworks */ = {
			isa = PBXGroup;
			children = (
			);
			name = Frameworks;
			sourceTree = "<group>";
		};
		B3C318762925FB12000CD0B6 /* Models */ = {
			isa = PBXGroup;
			children = (
				B3C318782925FB3A000CD0B6 /* ModelData.swift */,
				B34683E22927357900FF69FE /* Firebase.swift */,
			);
			path = Models;
			sourceTree = "<group>";
		};
		B3C318772925FB1E000CD0B6 /* Views */ = {
			isa = PBXGroup;
			children = (
				B3C3187C2925FC6E000CD0B6 /* EventList.swift */,
				B3C3187E2925FDDE000CD0B6 /* EventRow.swift */,
				B3C318802925FDF6000CD0B6 /* EventDetail.swift */,
			);
			path = Views;
			sourceTree = "<group>";
		};
		E4713B4A2923E87F004531B7 /* Timeline */ = {
			isa = PBXGroup;
			children = (
				E4713B3E290EFAE6004531B7 /* CalendarView.swift */,
				E4713B46290F3890004531B7 /* CalendarCell.swift */,
				E4713B44290F2DC5004531B7 /* CalendarTitle.swift */,
				E4713B4D29241C6A004531B7 /* CalendarEventCell.swift */,
			);
			path = Timeline;
			sourceTree = "<group>";
		};
		E4E559C0290EC565008DDFF3 /* Event */ = {
			isa = PBXGroup;
			children = (
				E4E559C6290ECCE6008DDFF3 /* EventRow.swift */,
				E4E559C8290ECDA2008DDFF3 /* EventList.swift */,
				E4E559CA290ECDB1008DDFF3 /* EventDetail.swift */,
			);
			path = Event;
			sourceTree = "<group>";
		};
/* End PBXGroup section */

/* Begin PBXNativeTarget section */
		B39BE611290DFC6E00850A5A /* DeadlineMgr */ = {
			isa = PBXNativeTarget;
			buildConfigurationList = B39BE620290DFC6F00850A5A /* Build configuration list for PBXNativeTarget "DeadlineMgr" */;
			buildPhases = (
				B39BE60E290DFC6E00850A5A /* Sources */,
				B39BE60F290DFC6E00850A5A /* Frameworks */,
				B39BE610290DFC6E00850A5A /* Resources */,
				B3C318732925F670000CD0B6 /* Embed Watch Content */,
			);
			buildRules = (
			);
			dependencies = (
				B3C318722925F66F000CD0B6 /* PBXTargetDependency */,
			);
			name = DeadlineMgr;
			packageProductDependencies = (
				B3B34B9329119E89000CF95B /* CalendarKit */,
				B34683C42926CAC100FF69FE /* FirebaseAuth */,
				B34683C62926CAC100FF69FE /* FirebaseFirestore */,
			);
			productName = DeadlineMgr;
			productReference = B39BE612290DFC6E00850A5A /* DeadlineMgr.app */;
			productType = "com.apple.product-type.application";
		};
		B3C3185D29257FDF000CD0B6 /* DeadlineMgr_watch Watch App */ = {
			isa = PBXNativeTarget;
			buildConfigurationList = B3C3186B29257FE0000CD0B6 /* Build configuration list for PBXNativeTarget "DeadlineMgr_watch Watch App" */;
			buildPhases = (
				B3C3185A29257FDF000CD0B6 /* Sources */,
				B3C3185B29257FDF000CD0B6 /* Frameworks */,
				B3C3185C29257FDF000CD0B6 /* Resources */,
			);
			buildRules = (
			);
			dependencies = (
			);
			name = "DeadlineMgr_watch Watch App";
			packageProductDependencies = (
				B34683DB292732C100FF69FE /* FirebaseAuth */,
				B34683DD292732C100FF69FE /* FirebaseFirestore */,
			);
			productName = "DeadlineMgr_watch Watch App";
			productReference = B3C3185E29257FDF000CD0B6 /* DeadlineMgr_watch Watch App.app */;
			productType = "com.apple.product-type.application";
		};
/* End PBXNativeTarget section */

/* Begin PBXProject section */
		B39BE60A290DFC6E00850A5A /* Project object */ = {
			isa = PBXProject;
			attributes = {
				BuildIndependentTargetsInParallel = 1;
				LastSwiftUpdateCheck = 1410;
				LastUpgradeCheck = 1400;
				TargetAttributes = {
					B39BE611290DFC6E00850A5A = {
						CreatedOnToolsVersion = 14.0.1;
					};
					B3C3185D29257FDF000CD0B6 = {
						CreatedOnToolsVersion = 14.1;
					};
				};
			};
			buildConfigurationList = B39BE60D290DFC6E00850A5A /* Build configuration list for PBXProject "DeadlineMgr" */;
			compatibilityVersion = "Xcode 14.0";
			developmentRegion = en;
			hasScannedForEncodings = 0;
			knownRegions = (
				en,
				Base,
			);
			mainGroup = B39BE609290DFC6E00850A5A;
			packageReferences = (
				B3B34B9229119E89000CF95B /* XCRemoteSwiftPackageReference "CalendarKit" */,
				B34683BF2926CAC100FF69FE /* XCRemoteSwiftPackageReference "firebase-ios-sdk" */,
			);
			productRefGroup = B39BE613290DFC6E00850A5A /* Products */;
			projectDirPath = "";
			projectRoot = "";
			targets = (
				B39BE611290DFC6E00850A5A /* DeadlineMgr */,
				B3C3185D29257FDF000CD0B6 /* DeadlineMgr_watch Watch App */,
			);
		};
/* End PBXProject section */

/* Begin PBXResourcesBuildPhase section */
		B39BE610290DFC6E00850A5A /* Resources */ = {
			isa = PBXResourcesBuildPhase;
			buildActionMask = 2147483647;
			files = (
				2ECF38132911A61400A6E6E0 /* DefaultEvent.json in Resources */,
				B34683D52926EBC000FF69FE /* GoogleService-Info.plist in Resources */,
				B39BE61D290DFC6F00850A5A /* Preview Assets.xcassets in Resources */,
				B39BE61A290DFC6F00850A5A /* Assets.xcassets in Resources */,
			);
			runOnlyForDeploymentPostprocessing = 0;
		};
		B3C3185C29257FDF000CD0B6 /* Resources */ = {
			isa = PBXResourcesBuildPhase;
			buildActionMask = 2147483647;
			files = (
				B3C3186829257FE0000CD0B6 /* Preview Assets.xcassets in Resources */,
				B33243C129275B260096D96E /* GoogleService-Info.plist in Resources */,
				B3C3186529257FE0000CD0B6 /* Assets.xcassets in Resources */,
				B3C3187B2925FC23000CD0B6 /* DefaultEvent.json in Resources */,
			);
			runOnlyForDeploymentPostprocessing = 0;
		};
/* End PBXResourcesBuildPhase section */

/* Begin PBXSourcesBuildPhase section */
		B39BE60E290DFC6E00850A5A /* Sources */ = {
			isa = PBXSourcesBuildPhase;
			buildActionMask = 2147483647;
			files = (
				E4E559C9290ECDA2008DDFF3 /* EventList.swift in Sources */,
				E4713B47290F3890004531B7 /* CalendarCell.swift in Sources */,
				E4E559CB290ECDB1008DDFF3 /* EventDetail.swift in Sources */,
				2E7EB22D290F3581002DC982 /* ModelData.swift in Sources */,
				B3B34B8C290E1EAF000CF95B /* SakaiSite.swift in Sources */,
				B3B34B8A290E1E87000CF95B /* SakaiEvent.swift in Sources */,
				2E7EB22B290EF97B002DC982 /* Event.swift in Sources */,
				E4713B49290F3E3A004531B7 /* MonthStruct.swift in Sources */,
				B3B34B82290E1AB7000CF95B /* WebView.swift in Sources */,
				B3B34B982911A0AE000CF95B /* Calendar2CalendarView.swift in Sources */,
				B3B34B962911A096000CF95B /* Calendar2View.swift in Sources */,
				B3B34B83290E1AB7000CF95B /* SakaiAuth.swift in Sources */,
				B39BE618290DFC6E00850A5A /* ContentView.swift in Sources */,
				B3B34B85290E1ACA000CF95B /* SakaiStore.swift in Sources */,
				E4713B3F290EFAE6004531B7 /* CalendarView.swift in Sources */,
				E4E559C7290ECCE6008DDFF3 /* EventRow.swift in Sources */,
				B34683CF2926CAF700FF69FE /* Firebase.swift in Sources */,
				E4713B45290F2DC5004531B7 /* CalendarTitle.swift in Sources */,
				E4713B43290F280F004531B7 /* CalendarHelper.swift in Sources */,
				B3B34B87290E1B54000CF95B /* SakaiSync.swift in Sources */,
				B3B34B8E290E254C000CF95B /* Server.swift in Sources */,
				B3B34B90290E31E0000CF95B /* SakaiUser.swift in Sources */,
				E4713B4E29241C6A004531B7 /* CalendarEventCell.swift in Sources */,
				B39BE616290DFC6E00850A5A /* DeadlineMgrApp.swift in Sources */,
				B3C3186D292586DC000CD0B6 /* WatchChannel.swift in Sources */,
				B31E77F42923CD9700CDC9BB /* SakaiDetail.swift in Sources */,
			);
			runOnlyForDeploymentPostprocessing = 0;
		};
		B3C3185A29257FDF000CD0B6 /* Sources */ = {
			isa = PBXSourcesBuildPhase;
			buildActionMask = 2147483647;
			files = (
				B3C3187D2925FC6E000CD0B6 /* EventList.swift in Sources */,
				B3C318812925FDF6000CD0B6 /* EventDetail.swift in Sources */,
				B3C3186329257FDF000CD0B6 /* ContentView.swift in Sources */,
				B3C3186129257FDF000CD0B6 /* DeadlineMgr_watchApp.swift in Sources */,
				B3C3186E292586DC000CD0B6 /* WatchChannel.swift in Sources */,
				B3C3187F2925FDDE000CD0B6 /* EventRow.swift in Sources */,
				B34683E32927357900FF69FE /* Firebase.swift in Sources */,
				B3C318752925F6F1000CD0B6 /* Event.swift in Sources */,
				B3C3187A2925FB3A000CD0B6 /* ModelData.swift in Sources */,
			);
			runOnlyForDeploymentPostprocessing = 0;
		};
/* End PBXSourcesBuildPhase section */

/* Begin PBXTargetDependency section */
		B3C318722925F66F000CD0B6 /* PBXTargetDependency */ = {
			isa = PBXTargetDependency;
			target = B3C3185D29257FDF000CD0B6 /* DeadlineMgr_watch Watch App */;
			targetProxy = B3C318712925F66F000CD0B6 /* PBXContainerItemProxy */;
		};
/* End PBXTargetDependency section */

/* Begin XCBuildConfiguration section */
		B39BE61E290DFC6F00850A5A /* Debug */ = {
			isa = XCBuildConfiguration;
			buildSettings = {
				ALWAYS_SEARCH_USER_PATHS = NO;
				CLANG_ANALYZER_NONNULL = YES;
				CLANG_ANALYZER_NUMBER_OBJECT_CONVERSION = YES_AGGRESSIVE;
				CLANG_CXX_LANGUAGE_STANDARD = "gnu++20";
				CLANG_ENABLE_MODULES = YES;
				CLANG_ENABLE_OBJC_ARC = YES;
				CLANG_ENABLE_OBJC_WEAK = YES;
				CLANG_WARN_BLOCK_CAPTURE_AUTORELEASING = YES;
				CLANG_WARN_BOOL_CONVERSION = YES;
				CLANG_WARN_COMMA = YES;
				CLANG_WARN_CONSTANT_CONVERSION = YES;
				CLANG_WARN_DEPRECATED_OBJC_IMPLEMENTATIONS = YES;
				CLANG_WARN_DIRECT_OBJC_ISA_USAGE = YES_ERROR;
				CLANG_WARN_DOCUMENTATION_COMMENTS = YES;
				CLANG_WARN_EMPTY_BODY = YES;
				CLANG_WARN_ENUM_CONVERSION = YES;
				CLANG_WARN_INFINITE_RECURSION = YES;
				CLANG_WARN_INT_CONVERSION = YES;
				CLANG_WARN_NON_LITERAL_NULL_CONVERSION = YES;
				CLANG_WARN_OBJC_IMPLICIT_RETAIN_SELF = YES;
				CLANG_WARN_OBJC_LITERAL_CONVERSION = YES;
				CLANG_WARN_OBJC_ROOT_CLASS = YES_ERROR;
				CLANG_WARN_QUOTED_INCLUDE_IN_FRAMEWORK_HEADER = YES;
				CLANG_WARN_RANGE_LOOP_ANALYSIS = YES;
				CLANG_WARN_STRICT_PROTOTYPES = YES;
				CLANG_WARN_SUSPICIOUS_MOVE = YES;
				CLANG_WARN_UNGUARDED_AVAILABILITY = YES_AGGRESSIVE;
				CLANG_WARN_UNREACHABLE_CODE = YES;
				CLANG_WARN__DUPLICATE_METHOD_MATCH = YES;
				COPY_PHASE_STRIP = NO;
				DEBUG_INFORMATION_FORMAT = dwarf;
				ENABLE_STRICT_OBJC_MSGSEND = YES;
				ENABLE_TESTABILITY = YES;
				GCC_C_LANGUAGE_STANDARD = gnu11;
				GCC_DYNAMIC_NO_PIC = NO;
				GCC_NO_COMMON_BLOCKS = YES;
				GCC_OPTIMIZATION_LEVEL = 0;
				GCC_PREPROCESSOR_DEFINITIONS = (
					"DEBUG=1",
					"$(inherited)",
				);
				GCC_WARN_64_TO_32_BIT_CONVERSION = YES;
				GCC_WARN_ABOUT_RETURN_TYPE = YES_ERROR;
				GCC_WARN_UNDECLARED_SELECTOR = YES;
				GCC_WARN_UNINITIALIZED_AUTOS = YES_AGGRESSIVE;
				GCC_WARN_UNUSED_FUNCTION = YES;
				GCC_WARN_UNUSED_VARIABLE = YES;
				IPHONEOS_DEPLOYMENT_TARGET = 16.0;
				MTL_ENABLE_DEBUG_INFO = INCLUDE_SOURCE;
				MTL_FAST_MATH = YES;
				ONLY_ACTIVE_ARCH = YES;
				SDKROOT = iphoneos;
				SWIFT_ACTIVE_COMPILATION_CONDITIONS = DEBUG;
				SWIFT_OPTIMIZATION_LEVEL = "-Onone";
			};
			name = Debug;
		};
		B39BE61F290DFC6F00850A5A /* Release */ = {
			isa = XCBuildConfiguration;
			buildSettings = {
				ALWAYS_SEARCH_USER_PATHS = NO;
				CLANG_ANALYZER_NONNULL = YES;
				CLANG_ANALYZER_NUMBER_OBJECT_CONVERSION = YES_AGGRESSIVE;
				CLANG_CXX_LANGUAGE_STANDARD = "gnu++20";
				CLANG_ENABLE_MODULES = YES;
				CLANG_ENABLE_OBJC_ARC = YES;
				CLANG_ENABLE_OBJC_WEAK = YES;
				CLANG_WARN_BLOCK_CAPTURE_AUTORELEASING = YES;
				CLANG_WARN_BOOL_CONVERSION = YES;
				CLANG_WARN_COMMA = YES;
				CLANG_WARN_CONSTANT_CONVERSION = YES;
				CLANG_WARN_DEPRECATED_OBJC_IMPLEMENTATIONS = YES;
				CLANG_WARN_DIRECT_OBJC_ISA_USAGE = YES_ERROR;
				CLANG_WARN_DOCUMENTATION_COMMENTS = YES;
				CLANG_WARN_EMPTY_BODY = YES;
				CLANG_WARN_ENUM_CONVERSION = YES;
				CLANG_WARN_INFINITE_RECURSION = YES;
				CLANG_WARN_INT_CONVERSION = YES;
				CLANG_WARN_NON_LITERAL_NULL_CONVERSION = YES;
				CLANG_WARN_OBJC_IMPLICIT_RETAIN_SELF = YES;
				CLANG_WARN_OBJC_LITERAL_CONVERSION = YES;
				CLANG_WARN_OBJC_ROOT_CLASS = YES_ERROR;
				CLANG_WARN_QUOTED_INCLUDE_IN_FRAMEWORK_HEADER = YES;
				CLANG_WARN_RANGE_LOOP_ANALYSIS = YES;
				CLANG_WARN_STRICT_PROTOTYPES = YES;
				CLANG_WARN_SUSPICIOUS_MOVE = YES;
				CLANG_WARN_UNGUARDED_AVAILABILITY = YES_AGGRESSIVE;
				CLANG_WARN_UNREACHABLE_CODE = YES;
				CLANG_WARN__DUPLICATE_METHOD_MATCH = YES;
				COPY_PHASE_STRIP = NO;
				DEBUG_INFORMATION_FORMAT = "dwarf-with-dsym";
				ENABLE_NS_ASSERTIONS = NO;
				ENABLE_STRICT_OBJC_MSGSEND = YES;
				GCC_C_LANGUAGE_STANDARD = gnu11;
				GCC_NO_COMMON_BLOCKS = YES;
				GCC_WARN_64_TO_32_BIT_CONVERSION = YES;
				GCC_WARN_ABOUT_RETURN_TYPE = YES_ERROR;
				GCC_WARN_UNDECLARED_SELECTOR = YES;
				GCC_WARN_UNINITIALIZED_AUTOS = YES_AGGRESSIVE;
				GCC_WARN_UNUSED_FUNCTION = YES;
				GCC_WARN_UNUSED_VARIABLE = YES;
				IPHONEOS_DEPLOYMENT_TARGET = 16.0;
				MTL_ENABLE_DEBUG_INFO = NO;
				MTL_FAST_MATH = YES;
				SDKROOT = iphoneos;
				SWIFT_COMPILATION_MODE = wholemodule;
				SWIFT_OPTIMIZATION_LEVEL = "-O";
				VALIDATE_PRODUCT = YES;
			};
			name = Release;
		};
		B39BE621290DFC6F00850A5A /* Debug */ = {
			isa = XCBuildConfiguration;
			buildSettings = {
				ASSETCATALOG_COMPILER_APPICON_NAME = AppIcon;
				ASSETCATALOG_COMPILER_GLOBAL_ACCENT_COLOR_NAME = AccentColor;
				CODE_SIGN_ENTITLEMENTS = DeadlineMgr/DeadlineMgr.entitlements;
				CODE_SIGN_STYLE = Automatic;
				CURRENT_PROJECT_VERSION = 1;
				DEVELOPMENT_ASSET_PATHS = "\"DeadlineMgr/Preview Content\"";
				DEVELOPMENT_TEAM = U6J58C8CJT;
				ENABLE_PREVIEWS = YES;
				GENERATE_INFOPLIST_FILE = YES;
				INFOPLIST_FILE = DeadlineMgr/Info.plist;
				INFOPLIST_KEY_CFBundleDisplayName = DealineMgr;
				INFOPLIST_KEY_UIApplicationSceneManifest_Generation = YES;
				INFOPLIST_KEY_UIApplicationSupportsIndirectInputEvents = YES;
				INFOPLIST_KEY_UILaunchScreen_Generation = YES;
				INFOPLIST_KEY_UISupportedInterfaceOrientations_iPad = "UIInterfaceOrientationPortrait UIInterfaceOrientationPortraitUpsideDown UIInterfaceOrientationLandscapeLeft UIInterfaceOrientationLandscapeRight";
				INFOPLIST_KEY_UISupportedInterfaceOrientations_iPhone = "UIInterfaceOrientationPortrait UIInterfaceOrientationLandscapeLeft UIInterfaceOrientationLandscapeRight";
				LD_RUNPATH_SEARCH_PATHS = (
					"$(inherited)",
					"@executable_path/Frameworks",
				);
				MARKETING_VERSION = 1.0;
				PRODUCT_BUNDLE_IDENTIFIER = edu.duke.DeadlineMgr;
				PRODUCT_NAME = "$(TARGET_NAME)";
				SWIFT_EMIT_LOC_STRINGS = YES;
				SWIFT_VERSION = 5.0;
				TARGETED_DEVICE_FAMILY = "1,2";
			};
			name = Debug;
		};
		B39BE622290DFC6F00850A5A /* Release */ = {
			isa = XCBuildConfiguration;
			buildSettings = {
				ASSETCATALOG_COMPILER_APPICON_NAME = AppIcon;
				ASSETCATALOG_COMPILER_GLOBAL_ACCENT_COLOR_NAME = AccentColor;
				CODE_SIGN_ENTITLEMENTS = DeadlineMgr/DeadlineMgrRelease.entitlements;
				CODE_SIGN_STYLE = Automatic;
				CURRENT_PROJECT_VERSION = 1;
				DEVELOPMENT_ASSET_PATHS = "\"DeadlineMgr/Preview Content\"";
				DEVELOPMENT_TEAM = U6J58C8CJT;
				ENABLE_PREVIEWS = YES;
				GENERATE_INFOPLIST_FILE = YES;
				INFOPLIST_FILE = DeadlineMgr/Info.plist;
				INFOPLIST_KEY_CFBundleDisplayName = DealineMgr;
				INFOPLIST_KEY_UIApplicationSceneManifest_Generation = YES;
				INFOPLIST_KEY_UIApplicationSupportsIndirectInputEvents = YES;
				INFOPLIST_KEY_UILaunchScreen_Generation = YES;
				INFOPLIST_KEY_UISupportedInterfaceOrientations_iPad = "UIInterfaceOrientationPortrait UIInterfaceOrientationPortraitUpsideDown UIInterfaceOrientationLandscapeLeft UIInterfaceOrientationLandscapeRight";
				INFOPLIST_KEY_UISupportedInterfaceOrientations_iPhone = "UIInterfaceOrientationPortrait UIInterfaceOrientationLandscapeLeft UIInterfaceOrientationLandscapeRight";
				LD_RUNPATH_SEARCH_PATHS = (
					"$(inherited)",
					"@executable_path/Frameworks",
				);
				MARKETING_VERSION = 1.0;
				PRODUCT_BUNDLE_IDENTIFIER = edu.duke.DeadlineMgr;
				PRODUCT_NAME = "$(TARGET_NAME)";
				SWIFT_EMIT_LOC_STRINGS = YES;
				SWIFT_VERSION = 5.0;
				TARGETED_DEVICE_FAMILY = "1,2";
			};
			name = Release;
		};
		B3C3186929257FE0000CD0B6 /* Debug */ = {
			isa = XCBuildConfiguration;
			buildSettings = {
				ASSETCATALOG_COMPILER_APPICON_NAME = AppIcon;
				ASSETCATALOG_COMPILER_GLOBAL_ACCENT_COLOR_NAME = AccentColor;
				CODE_SIGN_ENTITLEMENTS = "DeadlineMgr_watch Watch App/DeadlineMgr_watch Watch App.entitlements";
				CODE_SIGN_IDENTITY = "Apple Development";
				CODE_SIGN_STYLE = Automatic;
				CURRENT_PROJECT_VERSION = 1;
				DEVELOPMENT_ASSET_PATHS = "\"DeadlineMgr_watch Watch App/Preview Content\"";
				DEVELOPMENT_TEAM = U6J58C8CJT;
				ENABLE_PREVIEWS = YES;
				GENERATE_INFOPLIST_FILE = YES;
				INFOPLIST_FILE = "DeadlineMgr-watch-Watch-App-Info.plist";
				INFOPLIST_KEY_CFBundleDisplayName = DeadlineMgr_watch;
				INFOPLIST_KEY_UISupportedInterfaceOrientations = "UIInterfaceOrientationPortrait UIInterfaceOrientationPortraitUpsideDown";
				INFOPLIST_KEY_WKCompanionAppBundleIdentifier = edu.duke.DeadlineMgr;
				LD_RUNPATH_SEARCH_PATHS = (
					"$(inherited)",
					"@executable_path/Frameworks",
				);
				MARKETING_VERSION = 1.0;
				PRODUCT_BUNDLE_IDENTIFIER = edu.duke.DeadlineMgr.watch;
				PRODUCT_NAME = "$(TARGET_NAME)";
				PROVISIONING_PROFILE_SPECIFIER = "";
				SDKROOT = watchos;
				SKIP_INSTALL = YES;
				SWIFT_EMIT_LOC_STRINGS = YES;
				SWIFT_VERSION = 5.0;
				TARGETED_DEVICE_FAMILY = 4;
				WATCHOS_DEPLOYMENT_TARGET = 9.1;
			};
			name = Debug;
		};
		B3C3186A29257FE0000CD0B6 /* Release */ = {
			isa = XCBuildConfiguration;
			buildSettings = {
				ASSETCATALOG_COMPILER_APPICON_NAME = AppIcon;
				ASSETCATALOG_COMPILER_GLOBAL_ACCENT_COLOR_NAME = AccentColor;
				CODE_SIGN_ENTITLEMENTS = "DeadlineMgr_watch Watch App/DeadlineMgr_watch Watch AppRelease.entitlements";
				CODE_SIGN_IDENTITY = "Apple Development";
				CODE_SIGN_STYLE = Automatic;
				CURRENT_PROJECT_VERSION = 1;
				DEVELOPMENT_ASSET_PATHS = "\"DeadlineMgr_watch Watch App/Preview Content\"";
				DEVELOPMENT_TEAM = U6J58C8CJT;
				ENABLE_PREVIEWS = YES;
				GENERATE_INFOPLIST_FILE = YES;
				INFOPLIST_FILE = "DeadlineMgr-watch-Watch-App-Info.plist";
				INFOPLIST_KEY_CFBundleDisplayName = DeadlineMgr_watch;
				INFOPLIST_KEY_UISupportedInterfaceOrientations = "UIInterfaceOrientationPortrait UIInterfaceOrientationPortraitUpsideDown";
				INFOPLIST_KEY_WKCompanionAppBundleIdentifier = edu.duke.DeadlineMgr;
				LD_RUNPATH_SEARCH_PATHS = (
					"$(inherited)",
					"@executable_path/Frameworks",
				);
				MARKETING_VERSION = 1.0;
				PRODUCT_BUNDLE_IDENTIFIER = edu.duke.DeadlineMgr.watch;
				PRODUCT_NAME = "$(TARGET_NAME)";
				PROVISIONING_PROFILE_SPECIFIER = "";
				SDKROOT = watchos;
				SKIP_INSTALL = YES;
				SWIFT_EMIT_LOC_STRINGS = YES;
				SWIFT_VERSION = 5.0;
				TARGETED_DEVICE_FAMILY = 4;
				WATCHOS_DEPLOYMENT_TARGET = 9.1;
			};
			name = Release;
		};
/* End XCBuildConfiguration section */

/* Begin XCConfigurationList section */
		B39BE60D290DFC6E00850A5A /* Build configuration list for PBXProject "DeadlineMgr" */ = {
			isa = XCConfigurationList;
			buildConfigurations = (
				B39BE61E290DFC6F00850A5A /* Debug */,
				B39BE61F290DFC6F00850A5A /* Release */,
			);
			defaultConfigurationIsVisible = 0;
			defaultConfigurationName = Release;
		};
		B39BE620290DFC6F00850A5A /* Build configuration list for PBXNativeTarget "DeadlineMgr" */ = {
			isa = XCConfigurationList;
			buildConfigurations = (
				B39BE621290DFC6F00850A5A /* Debug */,
				B39BE622290DFC6F00850A5A /* Release */,
			);
			defaultConfigurationIsVisible = 0;
			defaultConfigurationName = Release;
		};
		B3C3186B29257FE0000CD0B6 /* Build configuration list for PBXNativeTarget "DeadlineMgr_watch Watch App" */ = {
			isa = XCConfigurationList;
			buildConfigurations = (
				B3C3186929257FE0000CD0B6 /* Debug */,
				B3C3186A29257FE0000CD0B6 /* Release */,
			);
			defaultConfigurationIsVisible = 0;
			defaultConfigurationName = Release;
		};
/* End XCConfigurationList section */

/* Begin XCRemoteSwiftPackageReference section */
		B34683BF2926CAC100FF69FE /* XCRemoteSwiftPackageReference "firebase-ios-sdk" */ = {
			isa = XCRemoteSwiftPackageReference;
			repositoryURL = "https://github.com/firebase/firebase-ios-sdk";
			requirement = {
				branch = master;
				kind = branch;
			};
		};
		B3B34B9229119E89000CF95B /* XCRemoteSwiftPackageReference "CalendarKit" */ = {
			isa = XCRemoteSwiftPackageReference;
			repositoryURL = "https://github.com/richardtop/CalendarKit.git";
			requirement = {
				kind = upToNextMajorVersion;
				minimumVersion = 1.0.0;
			};
		};
/* End XCRemoteSwiftPackageReference section */

/* Begin XCSwiftPackageProductDependency section */
		B34683C42926CAC100FF69FE /* FirebaseAuth */ = {
			isa = XCSwiftPackageProductDependency;
			package = B34683BF2926CAC100FF69FE /* XCRemoteSwiftPackageReference "firebase-ios-sdk" */;
			productName = FirebaseAuth;
		};
		B34683C62926CAC100FF69FE /* FirebaseFirestore */ = {
			isa = XCSwiftPackageProductDependency;
			package = B34683BF2926CAC100FF69FE /* XCRemoteSwiftPackageReference "firebase-ios-sdk" */;
			productName = FirebaseFirestore;
		};
		B34683DB292732C100FF69FE /* FirebaseAuth */ = {
			isa = XCSwiftPackageProductDependency;
			package = B34683BF2926CAC100FF69FE /* XCRemoteSwiftPackageReference "firebase-ios-sdk" */;
			productName = FirebaseAuth;
		};
		B34683DD292732C100FF69FE /* FirebaseFirestore */ = {
			isa = XCSwiftPackageProductDependency;
			package = B34683BF2926CAC100FF69FE /* XCRemoteSwiftPackageReference "firebase-ios-sdk" */;
			productName = FirebaseFirestore;
		};
		B3B34B9329119E89000CF95B /* CalendarKit */ = {
			isa = XCSwiftPackageProductDependency;
			package = B3B34B9229119E89000CF95B /* XCRemoteSwiftPackageReference "CalendarKit" */;
			productName = CalendarKit;
		};
/* End XCSwiftPackageProductDependency section */
	};
	rootObject = B39BE60A290DFC6E00850A5A /* Project object */;
}
